
Microsoft Visual Studio Solution File, Format Version 12.00
# Visual Studio Version 17
VisualStudioVersion = 17.14.36518.9 d17.14
MinimumVisualStudioVersion = 10.0.40219.1
Project("{FAE04EC0-301F-11D3-BF4B-00C04F79EFBC}") = "Library App", "Library App\Library App.csproj", "{96360042-8278-4AEB-9BFD-9EE0954D3039}"
EndProject
Global
	GlobalSection(SolutionConfigurationPlatforms) = preSolution
		Debug|Any CPU = Debug|Any CPU
		Release|Any CPU = Release|Any CPU
	EndGlobalSection
	GlobalSection(ProjectConfigurationPlatforms) = postSolution
		{96360042-8278-4AEB-9BFD-9EE0954D3039}.Debug|Any CPU.ActiveCfg = Debug|Any CPU
		{96360042-8278-4AEB-9BFD-9EE0954D3039}.Debug|Any CPU.Build.0 = Debug|Any CPU
		{96360042-8278-4AEB-9BFD-9EE0954D3039}.Release|Any CPU.ActiveCfg = Release|Any CPU
		{96360042-8278-4AEB-9BFD-9EE0954D3039}.Release|Any CPU.Build.0 = Release|Any CPU
	EndGlobalSection
	GlobalSection(SolutionProperties) = preSolution
		HideSolutionNode = FALSE
	EndGlobalSection
	GlobalSection(ExtensibilityGlobals) = postSolution
		SolutionGuid = {AC60DBD7-1BC2-417D-B7F4-8C42368EB311}
	EndGlobalSection
EndGlobal
